Microsoft Visual Studio Solution File, Format Version 12.00
# Visual Studio Version 17
VisualStudioVersion = 17.4.33122.133
MinimumVisualStudioVersion = 10.0.40219.1
Project("{9A19103F-16F7-4668-BE54-9A1E7A4F7556}") = "RcHud", "RcHud\RcHud.csproj", "{EC8BF9FE-7D80-4099-852C-2C2BEE50EB98}"
EndProject
Project("{9A19103F-16F7-4668-BE54-9A1E7A4F7556}") = "IntroSkip", "IntroSkip\IntroSkip.csproj", "{B0090E72-FF6F-42A3-AF36-376C71E8EBEB}"
EndProject
Project("{9A19103F-16F7-4668-BE54-9A1E7A4F7556}") = "StartupDummy", "StartupDummy\StartupDummy.csproj", "{174313E8-C94E-4D03-8A95-DE8B49F9B793}"
	ProjectSection(ProjectDependencies) = postProject
		{264A4850-2CEE-4926-BC4E-8510BCE6310D} = {264A4850-2CEE-4926-BC4E-8510BCE6310D}
		{B0090E72-FF6F-42A3-AF36-376C71E8EBEB} = {B0090E72-FF6F-42A3-AF36-376C71E8EBEB}
		{EC8BF9FE-7D80-4099-852C-2C2BEE50EB98} = {EC8BF9FE-7D80-4099-852C-2C2BEE50EB98}
	EndProjectSection
EndProject
Project("{FAE04EC0-301F-11D3-BF4B-00C04F79EFBC}") = "StyleToasts", "StyleToasts\StyleToasts.csproj", "{264A4850-2CEE-4926-BC4E-8510BCE6310D}"
EndProject
Global
	GlobalSection(SolutionConfigurationPlatforms) = preSolution
		Debug|Any CPU = Debug|Any CPU
		Release|Any CPU = Release|Any CPU
	EndGlobalSection
	GlobalSection(ProjectConfigurationPlatforms) = postSolution
		{EC8BF9FE-7D80-4099-852C-2C2BEE50EB98}.Debug|Any CPU.ActiveCfg = Debug|Any CPU
		{EC8BF9FE-7D80-4099-852C-2C2BEE50EB98}.Debug|Any CPU.Build.0 = Debug|Any CPU
		{EC8BF9FE-7D80-4099-852C-2C2BEE50EB98}.Release|Any CPU.ActiveCfg = Release|Any CPU
		{EC8BF9FE-7D80-4099-852C-2C2BEE50EB98}.Release|Any CPU.Build.0 = Release|Any CPU
		{B0090E72-FF6F-42A3-AF36-376C71E8EBEB}.Debug|Any CPU.ActiveCfg = Debug|Any CPU
		{B0090E72-FF6F-42A3-AF36-376C71E8EBEB}.Debug|Any CPU.Build.0 = Debug|Any CPU
		{B0090E72-FF6F-42A3-AF36-376C71E8EBEB}.Release|Any CPU.ActiveCfg = Release|Any CPU
		{B0090E72-FF6F-42A3-AF36-376C71E8EBEB}.Release|Any CPU.Build.0 = Release|Any CPU
		{174313E8-C94E-4D03-8A95-DE8B49F9B793}.Debug|Any CPU.ActiveCfg = Debug|Any CPU
		{174313E8-C94E-4D03-8A95-DE8B49F9B793}.Debug|Any CPU.Build.0 = Debug|Any CPU
		{174313E8-C94E-4D03-8A95-DE8B49F9B793}.Release|Any CPU.ActiveCfg = Release|Any CPU
		{174313E8-C94E-4D03-8A95-DE8B49F9B793}.Release|Any CPU.Build.0 = Release|Any CPU
		{264A4850-2CEE-4926-BC4E-8510BCE6310D}.Debug|Any CPU.ActiveCfg = Debug|Any CPU
		{264A4850-2CEE-4926-BC4E-8510BCE6310D}.Debug|Any CPU.Build.0 = Debug|Any CPU
		{264A4850-2CEE-4926-BC4E-8510BCE6310D}.Release|Any CPU.ActiveCfg = Release|Any CPU
		{264A4850-2CEE-4926-BC4E-8510BCE6310D}.Release|Any CPU.Build.0 = Release|Any CPU
	EndGlobalSection
	GlobalSection(SolutionProperties) = preSolution
		HideSolutionNode = FALSE
	EndGlobalSection
	GlobalSection(ExtensibilityGlobals) = postSolution
		SolutionGuid = {AF3E2269-0BF8-40E7-968E-B85B0FF47311}
	EndGlobalSection
EndGlobal
