Microsoft Visual Studio Solution File, Format Version 12.00
# Visual Studio Version 17
VisualStudioVersion = 17.4.33122.133
MinimumVisualStudioVersion = 10.0.40219.1
Project("{9A19103F-16F7-4668-BE54-9A1E7A4F7556}") = "RcHud", "RcHud\RcHud.csproj", "{EC8BF9FE-7D80-4099-852C-2C2BEE50EB98}"
EndProject
Project("{9A19103F-16F7-4668-BE54-9A1E7A4F7556}") = "IntroSkip", "IntroSkip\IntroSkip.csproj", "{B0090E72-FF6F-42A3-AF36-376C71E8EBEB}"
EndProject
Project("{9A19103F-16F7-4668-BE54-9A1E7A4F7556}") = "StartupDummy", "StartupDummy\StartupDummy.csproj", "{174313E8-C94E-4D03-8A95-DE8B49F9B793}"
	ProjectSection(ProjectDependencies) = postProject
		{02E508FF-DCDC-4714-9747-D882147A9786} = {02E508FF-DCDC-4714-9747-D882147A9786}
		{264A4850-2CEE-4926-BC4E-8510BCE6310D} = {264A4850-2CEE-4926-BC4E-8510BCE6310D}
		{595C58AA-C988-4407-A114-3DC012A8BE80} = {595C58AA-C988-4407-A114-3DC012A8BE80}
		{7302389F-DDC4-4F8F-A1F8-C3CD2C795B7F} = {7302389F-DDC4-4F8F-A1F8-C3CD2C795B7F}
		{A2E85D61-577C-4FAE-9F4A-ABFAC93A113A} = {A2E85D61-577C-4FAE-9F4A-ABFAC93A113A}
		{B0090E72-FF6F-42A3-AF36-376C71E8EBEB} = {B0090E72-FF6F-42A3-AF36-376C71E8EBEB}
		{EC8BF9FE-7D80-4099-852C-2C2BEE50EB98} = {EC8BF9FE-7D80-4099-852C-2C2BEE50EB98}
	EndProjectSection
EndProject
Project("{9A19103F-16F7-4668-BE54-9A1E7A4F7556}") = "StyleToasts", "StyleToasts\StyleToasts.csproj", "{264A4850-2CEE-4926-BC4E-8510BCE6310D}"
EndProject
Project("{9A19103F-16F7-4668-BE54-9A1E7A4F7556}") = "BetterWeaponWheel", "BetterWeaponWheel\BetterWeaponWheel.csproj", "{02E508FF-DCDC-4714-9747-D882147A9786}"
EndProject
Project("{2150E333-8FDC-42A3-9474-1A3956D46DE8}") = "Solution Items", "Solution Items", "{EB308CE2-23BA-4086-BD65-05D54D8B6F50}"
	ProjectSection(SolutionItems) = preProject
		README.md = README.md
	EndProjectSection
EndProject
Project("{9A19103F-16F7-4668-BE54-9A1E7A4F7556}") = "DoubleDonk", "DoubleDonk\DoubleDonk.csproj", "{7302389F-DDC4-4F8F-A1F8-C3CD2C795B7F}"
EndProject
Project("{9A19103F-16F7-4668-BE54-9A1E7A4F7556}") = "WrathClimax", "WrathClimax\WrathClimax.csproj", "{A2E85D61-577C-4FAE-9F4A-ABFAC93A113A}"
EndProject
Project("{9A19103F-16F7-4668-BE54-9A1E7A4F7556}") = "Ultraliminal", "Ultraliminal\Ultraliminal.csproj", "{595C58AA-C988-4407-A114-3DC012A8BE80}"
EndProject
Global
	GlobalSection(SolutionConfigurationPlatforms) = preSolution
		Debug|Any CPU = Debug|Any CPU
		Release|Any CPU = Release|Any CPU
	EndGlobalSection
	GlobalSection(ProjectConfigurationPlatforms) = postSolution
		{EC8BF9FE-7D80-4099-852C-2C2BEE50EB98}.Debug|Any CPU.ActiveCfg = Debug|Any CPU
		{EC8BF9FE-7D80-4099-852C-2C2BEE50EB98}.Debug|Any CPU.Build.0 = Debug|Any CPU
		{EC8BF9FE-7D80-4099-852C-2C2BEE50EB98}.Release|Any CPU.ActiveCfg = Release|Any CPU
		{EC8BF9FE-7D80-4099-852C-2C2BEE50EB98}.Release|Any CPU.Build.0 = Release|Any CPU
		{B0090E72-FF6F-42A3-AF36-376C71E8EBEB}.Debug|Any CPU.ActiveCfg = Debug|Any CPU
		{B0090E72-FF6F-42A3-AF36-376C71E8EBEB}.Debug|Any CPU.Build.0 = Debug|Any CPU
		{B0090E72-FF6F-42A3-AF36-376C71E8EBEB}.Release|Any CPU.ActiveCfg = Release|Any CPU
		{B0090E72-FF6F-42A3-AF36-376C71E8EBEB}.Release|Any CPU.Build.0 = Release|Any CPU
		{174313E8-C94E-4D03-8A95-DE8B49F9B793}.Debug|Any CPU.ActiveCfg = Debug|Any CPU
		{174313E8-C94E-4D03-8A95-DE8B49F9B793}.Debug|Any CPU.Build.0 = Debug|Any CPU
		{174313E8-C94E-4D03-8A95-DE8B49F9B793}.Release|Any CPU.ActiveCfg = Release|Any CPU
		{174313E8-C94E-4D03-8A95-DE8B49F9B793}.Release|Any CPU.Build.0 = Release|Any CPU
		{264A4850-2CEE-4926-BC4E-8510BCE6310D}.Debug|Any CPU.ActiveCfg = Debug|Any CPU
		{264A4850-2CEE-4926-BC4E-8510BCE6310D}.Debug|Any CPU.Build.0 = Debug|Any CPU
		{264A4850-2CEE-4926-BC4E-8510BCE6310D}.Release|Any CPU.ActiveCfg = Release|Any CPU
		{264A4850-2CEE-4926-BC4E-8510BCE6310D}.Release|Any CPU.Build.0 = Release|Any CPU
		{02E508FF-DCDC-4714-9747-D882147A9786}.Debug|Any CPU.ActiveCfg = Debug|Any CPU
		{02E508FF-DCDC-4714-9747-D882147A9786}.Debug|Any CPU.Build.0 = Debug|Any CPU
		{02E508FF-DCDC-4714-9747-D882147A9786}.Release|Any CPU.ActiveCfg = Release|Any CPU
		{02E508FF-DCDC-4714-9747-D882147A9786}.Release|Any CPU.Build.0 = Release|Any CPU
		{7302389F-DDC4-4F8F-A1F8-C3CD2C795B7F}.Debug|Any CPU.ActiveCfg = Debug|Any CPU
		{7302389F-DDC4-4F8F-A1F8-C3CD2C795B7F}.Debug|Any CPU.Build.0 = Debug|Any CPU
		{7302389F-DDC4-4F8F-A1F8-C3CD2C795B7F}.Release|Any CPU.ActiveCfg = Release|Any CPU
		{7302389F-DDC4-4F8F-A1F8-C3CD2C795B7F}.Release|Any CPU.Build.0 = Release|Any CPU
		{A2E85D61-577C-4FAE-9F4A-ABFAC93A113A}.Debug|Any CPU.ActiveCfg = Debug|Any CPU
		{A2E85D61-577C-4FAE-9F4A-ABFAC93A113A}.Debug|Any CPU.Build.0 = Debug|Any CPU
		{A2E85D61-577C-4FAE-9F4A-ABFAC93A113A}.Release|Any CPU.ActiveCfg = Release|Any CPU
		{A2E85D61-577C-4FAE-9F4A-ABFAC93A113A}.Release|Any CPU.Build.0 = Release|Any CPU
		{595C58AA-C988-4407-A114-3DC012A8BE80}.Debug|Any CPU.ActiveCfg = Debug|Any CPU
		{595C58AA-C988-4407-A114-3DC012A8BE80}.Debug|Any CPU.Build.0 = Debug|Any CPU
		{595C58AA-C988-4407-A114-3DC012A8BE80}.Release|Any CPU.ActiveCfg = Release|Any CPU
		{595C58AA-C988-4407-A114-3DC012A8BE80}.Release|Any CPU.Build.0 = Release|Any CPU
	EndGlobalSection
	GlobalSection(SolutionProperties) = preSolution
		HideSolutionNode = FALSE
	EndGlobalSection
	GlobalSection(ExtensibilityGlobals) = postSolution
		SolutionGuid = {AF3E2269-0BF8-40E7-968E-B85B0FF47311}
	EndGlobalSection
EndGlobal
